
Microsoft Visual Studio Solution File, Format Version 12.00
# Visual Studio Version 17
VisualStudioVersion = 17.5.33516.290
MinimumVisualStudioVersion = 10.0.40219.1
Project("{FAE04EC0-301F-11D3-BF4B-00C04F79EFBC}") = "MonkeyWebServer", "MonkeyWebServer\MonkeyWebServer.csproj", "{F206312E-7EF2-4E79-9ADF-08E42602811A}"
EndProject
Global
	GlobalSection(SolutionConfigurationPlatforms) = preSolution
		Debug|Any CPU = Debug|Any CPU
		Release|Any CPU = Release|Any CPU
	EndGlobalSection
	GlobalSection(ProjectConfigurationPlatforms) = postSolution
		{F206312E-7EF2-4E79-9ADF-08E42602811A}.Debug|Any CPU.ActiveCfg = Debug|Any CPU
		{F206312E-7EF2-4E79-9ADF-08E42602811A}.Debug|Any CPU.Build.0 = Debug|Any CPU
		{F206312E-7EF2-4E79-9ADF-08E42602811A}.Release|Any CPU.ActiveCfg = Release|Any CPU
		{F206312E-7EF2-4E79-9ADF-08E42602811A}.Release|Any CPU.Build.0 = Release|Any CPU
	EndGlobalSection
	GlobalSection(SolutionProperties) = preSolution
		HideSolutionNode = FALSE
	EndGlobalSection
	GlobalSection(ExtensibilityGlobals) = postSolution
		SolutionGuid = {7341D2E4-4053-4A17-878C-BAED8631CCBF}
	EndGlobalSection
EndGlobal
